// !$*UTF8*$!
{
	archiveVersion = 1;
	classes = {
	};
	objectVersion = 46;
	objects = {

/* Begin PBXBuildFile section */
		BD5919DE1A4E817F000AAF13 /* main.m in Sources */ = {isa = PBXBuildFile; fileRef = BD5919DD1A4E817F000AAF13 /* main.m */; };
		BD5919E11A4E817F000AAF13 /* AppDelegate.m in Sources */ = {isa = PBXBuildFile; fileRef = BD5919E01A4E817F000AAF13 /* AppDelegate.m */; };
		BD5919E71A4E817F000AAF13 /* Main.storyboard in Resources */ = {isa = PBXBuildFile; fileRef = BD5919E51A4E817F000AAF13 /* Main.storyboard */; };
		BD5919E91A4E817F000AAF13 /* Images.xcassets in Resources */ = {isa = PBXBuildFile; fileRef = BD5919E81A4E817F000AAF13 /* Images.xcassets */; };
		BD5919EC1A4E817F000AAF13 /* LaunchScreen.xib in Resources */ = {isa = PBXBuildFile; fileRef = BD5919EA1A4E817F000AAF13 /* LaunchScreen.xib */; };
		BD5919F81A4E817F000AAF13 /* RAContainmentTests.m in Sources */ = {isa = PBXBuildFile; fileRef = BD5919F71A4E817F000AAF13 /* RAContainmentTests.m */; };
		BDD5DE051A5887F90015EBC3 /* ViewController.m in Sources */ = {isa = PBXBuildFile; fileRef = BDD5DE041A5887F90015EBC3 /* ViewController.m */; };
		BDD5DE081A58884C0015EBC3 /* FirstViewController.m in Sources */ = {isa = PBXBuildFile; fileRef = BDD5DE071A58884C0015EBC3 /* FirstViewController.m */; };
		BDD5DE0B1A5888560015EBC3 /* SecondViewController.m in Sources */ = {isa = PBXBuildFile; fileRef = BDD5DE0A1A5888560015EBC3 /* SecondViewController.m */; };
/* End PBXBuildFile section */

/* Begin PBXContainerItemProxy section */
		BD5919F21A4E817F000AAF13 /* PBXContainerItemProxy */ = {
			isa = PBXContainerItemProxy;
			containerPortal = BD5919D01A4E817F000AAF13 /* Project object */;
			proxyType = 1;
			remoteGlobalIDString = BD5919D71A4E817F000AAF13;
			remoteInfo = RAContainment;
		};
/* End PBXContainerItemProxy section */

/* Begin PBXFileReference section */
		BD5919D81A4E817F000AAF13 /* RAContainment.app */ = {isa = PBXFileReference; explicitFileType = wrapper.application; includeInIndex = 0; path = RAContainment.app; sourceTree = BUILT_PRODUCTS_DIR; };
		BD5919DC1A4E817F000AAF13 /* Info.plist */ = {isa = PBXFileReference; lastKnownFileType = text.plist.xml; path = Info.plist; sourceTree = "<group>"; };
		BD5919DD1A4E817F000AAF13 /* main.m */ = {isa = PBXFileReference; lastKnownFileType = sourcecode.c.objc; path = main.m; sourceTree = "<group>"; };
		BD5919DF1A4E817F000AAF13 /* AppDelegate.h */ = {isa = PBXFileReference; lastKnownFileType = sourcecode.c.h; path = AppDelegate.h; sourceTree = "<group>"; };
		BD5919E01A4E817F000AAF13 /* AppDelegate.m */ = {isa = PBXFileReference; lastKnownFileType = sourcecode.c.objc; path = AppDelegate.m; sourceTree = "<group>"; };
		BD5919E61A4E817F000AAF13 /* Base */ = {isa = PBXFileReference; lastKnownFileType = file.storyboard; name = Base; path = Base.lproj/Main.storyboard; sourceTree = "<group>"; };
		BD5919E81A4E817F000AAF13 /* Images.xcassets */ = {isa = PBXFileReference; lastKnownFileType = folder.assetcatalog; path = Images.xcassets; sourceTree = "<group>"; };
		BD5919EB1A4E817F000AAF13 /* Base */ = {isa = PBXFileReference; lastKnownFileType = file.xib; name = Base; path = Base.lproj/LaunchScreen.xib; sourceTree = "<group>"; };
		BD5919F11A4E817F000AAF13 /* RAContainmentTests.xctest */ = {isa = PBXFileReference; explicitFileType = wrapper.cfbundle; includeInIndex = 0; path = RAContainmentTests.xctest; sourceTree = BUILT_PRODUCTS_DIR; };
		BD5919F61A4E817F000AAF13 /* Info.plist */ = {isa = PBXFileReference; lastKnownFileType = text.plist.xml; path = Info.plist; sourceTree = "<group>"; };
		BD5919F71A4E817F000AAF13 /* RAContainmentTests.m */ = {isa = PBXFileReference; lastKnownFileType = sourcecode.c.objc; path = RAContainmentTests.m; sourceTree = "<group>"; };
		BDD5DE031A5887F90015EBC3 /* ViewController.h */ = {isa = PBXFileReference; fileEncoding = 4; lastKnownFileType = sourcecode.c.h; name = ViewController.h; path = ../ViewController.h; sourceTree = "<group>"; };
		BDD5DE041A5887F90015EBC3 /* ViewController.m */ = {isa = PBXFileReference; fileEncoding = 4; lastKnownFileType = sourcecode.c.objc; name = ViewController.m; path = ../ViewController.m; sourceTree = "<group>"; };
		BDD5DE061A58884C0015EBC3 /* FirstViewController.h */ = {isa = PBXFileReference; fileEncoding = 4; lastKnownFileType = sourcecode.c.h; path = FirstViewController.h; sourceTree = "<group>"; };
		BDD5DE071A58884C0015EBC3 /* FirstViewController.m */ = {isa = PBXFileReference; fileEncoding = 4; lastKnownFileType = sourcecode.c.objc; path = FirstViewController.m; sourceTree = "<group>"; };
		BDD5DE091A5888560015EBC3 /* SecondViewController.h */ = {isa = PBXFileReference; fileEncoding = 4; lastKnownFileType = sourcecode.c.h; path = SecondViewController.h; sourceTree = "<group>"; };
		BDD5DE0A1A5888560015EBC3 /* SecondViewController.m */ = {isa = PBXFileReference; fileEncoding = 4; lastKnownFileType = sourcecode.c.objc; path = SecondViewController.m; sourceTree = "<group>"; };
/* End PBXFileReference section */

/* Begin PBXFrameworksBuildPhase section */
		BD5919D51A4E817F000AAF13 /* Frameworks */ = {
			isa = PBXFrameworksBuildPhase;
			buildActionMask = 2147483647;
			files = (
			);
			runOnlyForDeploymentPostprocessing = 0;
		};
		BD5919EE1A4E817F000AAF13 /* Frameworks */ = {
			isa = PBXFrameworksBuildPhase;
			buildActionMask = 2147483647;
			files = (
			);
			runOnlyForDeploymentPostprocessing = 0;
		};
/* End PBXFrameworksBuildPhase section */

/* Begin PBXGroup section */
		BD5919CF1A4E817F000AAF13 = {
			isa = PBXGroup;
			children = (
				BD5919DA1A4E817F000AAF13 /* RAContainment */,
				BD5919F41A4E817F000AAF13 /* RAContainmentTests */,
				BD5919D91A4E817F000AAF13 /* Products */,
			);
			sourceTree = "<group>";
		};
		BD5919D91A4E817F000AAF13 /* Products */ = {
			isa = PBXGroup;
			children = (
				BD5919D81A4E817F000AAF13 /* RAContainment.app */,
				BD5919F11A4E817F000AAF13 /* RAContainmentTests.xctest */,
			);
			name = Products;
			sourceTree = "<group>";
		};
		BD5919DA1A4E817F000AAF13 /* RAContainment */ = {
			isa = PBXGroup;
			children = (
				BD5919DF1A4E817F000AAF13 /* AppDelegate.h */,
				BD5919E01A4E817F000AAF13 /* AppDelegate.m */,
				BDC5B9F51A52769400A691C9 /* View Controllers */,
				BD5919E51A4E817F000AAF13 /* Main.storyboard */,
				BD5919DB1A4E817F000AAF13 /* Supporting Files */,
			);
			path = RAContainment;
			sourceTree = "<group>";
		};
		BD5919DB1A4E817F000AAF13 /* Supporting Files */ = {
			isa = PBXGroup;
			children = (
				BD5919E81A4E817F000AAF13 /* Images.xcassets */,
				BD5919EA1A4E817F000AAF13 /* LaunchScreen.xib */,
				BD5919DC1A4E817F000AAF13 /* Info.plist */,
				BD5919DD1A4E817F000AAF13 /* main.m */,
			);
			name = "Supporting Files";
			sourceTree = "<group>";
		};
		BD5919F41A4E817F000AAF13 /* RAContainmentTests */ = {
			isa = PBXGroup;
			children = (
				BD5919F71A4E817F000AAF13 /* RAContainmentTests.m */,
				BD5919F51A4E817F000AAF13 /* Supporting Files */,
			);
			path = RAContainmentTests;
			sourceTree = "<group>";
		};
		BD5919F51A4E817F000AAF13 /* Supporting Files */ = {
			isa = PBXGroup;
			children = (
				BD5919F61A4E817F000AAF13 /* Info.plist */,
			);
			name = "Supporting Files";
			sourceTree = "<group>";
		};
		BDC5B9F51A52769400A691C9 /* View Controllers */ = {
			isa = PBXGroup;
			children = (
				BDD5DE031A5887F90015EBC3 /* ViewController.h */,
				BDD5DE041A5887F90015EBC3 /* ViewController.m */,
				BDD5DE061A58884C0015EBC3 /* FirstViewController.h */,
				BDD5DE071A58884C0015EBC3 /* FirstViewController.m */,
				BDD5DE091A5888560015EBC3 /* SecondViewController.h */,
				BDD5DE0A1A5888560015EBC3 /* SecondViewController.m */,
			);
			name = "View Controllers";
			sourceTree = "<group>";
		};
/* End PBXGroup section */

/* Begin PBXNativeTarget section */
		BD5919D71A4E817F000AAF13 /* RAContainment */ = {
			isa = PBXNativeTarget;
			buildConfigurationList = BD5919FB1A4E817F000AAF13 /* Build configuration list for PBXNativeTarget "RAContainment" */;
			buildPhases = (
				BD5919D41A4E817F000AAF13 /* Sources */,
				BD5919D51A4E817F000AAF13 /* Frameworks */,
				BD5919D61A4E817F000AAF13 /* Resources */,
			);
			buildRules = (
			);
			dependencies = (
			);
			name = RAContainment;
			productName = RAContainment;
			productReference = BD5919D81A4E817F000AAF13 /* RAContainment.app */;
			productType = "com.apple.product-type.application";
		};
		BD5919F01A4E817F000AAF13 /* RAContainmentTests */ = {
			isa = PBXNativeTarget;
			buildConfigurationList = BD5919FE1A4E817F000AAF13 /* Build configuration list for PBXNativeTarget "RAContainmentTests" */;
			buildPhases = (
				BD5919ED1A4E817F000AAF13 /* Sources */,
				BD5919EE1A4E817F000AAF13 /* Frameworks */,
				BD5919EF1A4E817F000AAF13 /* Resources */,
			);
			buildRules = (
			);
			dependencies = (
				BD5919F31A4E817F000AAF13 /* PBXTargetDependency */,
			);
			name = RAContainmentTests;
			productName = RAContainmentTests;
			productReference = BD5919F11A4E817F000AAF13 /* RAContainmentTests.xctest */;
			productType = "com.apple.product-type.bundle.unit-test";
		};
/* End PBXNativeTarget section */

/* Begin PBXProject section */
		BD5919D01A4E817F000AAF13 /* Project object */ = {
			isa = PBXProject;
			attributes = {
				LastUpgradeCheck = 0620;
				ORGANIZATIONNAME = "Rohan Aurora";
				TargetAttributes = {
					BD5919D71A4E817F000AAF13 = {
						CreatedOnToolsVersion = 6.2;
					};
					BD5919F01A4E817F000AAF13 = {
						CreatedOnToolsVersion = 6.2;
						TestTargetID = BD5919D71A4E817F000AAF13;
					};
				};
			};
			buildConfigurationList = BD5919D31A4E817F000AAF13 /* Build configuration list for PBXProject "RAContainment" */;
			compatibilityVersion = "Xcode 3.2";
			developmentRegion = English;
			hasScannedForEncodings = 0;
			knownRegions = (
				en,
				Base,
			);
			mainGroup = BD5919CF1A4E817F000AAF13;
			productRefGroup = BD5919D91A4E817F000AAF13 /* Products */;
			projectDirPath = "";
			projectRoot = "";
			targets = (
				BD5919D71A4E817F000AAF13 /* RAContainment */,
				BD5919F01A4E817F000AAF13 /* RAContainmentTests */,
			);
		};
/* End PBXProject section */

/* Begin PBXResourcesBuildPhase section */
		BD5919D61A4E817F000AAF13 /* Resources */ = {
			isa = PBXResourcesBuildPhase;
			buildActionMask = 2147483647;
			files = (
				BD5919E71A4E817F000AAF13 /* Main.storyboard in Resources */,
				BD5919EC1A4E817F000AAF13 /* LaunchScreen.xib in Resources */,
				BD5919E91A4E817F000AAF13 /* Images.xcassets in Resources */,
			);
			runOnlyForDeploymentPostprocessing = 0;
		};
		BD5919EF1A4E817F000AAF13 /* Resources */ = {
			isa = PBXResourcesBuildPhase;
			buildActionMask = 2147483647;
			files = (
			);
			runOnlyForDeploymentPostprocessing = 0;
		};
/* End PBXResourcesBuildPhase section */

/* Begin PBXSourcesBuildPhase section */
		BD5919D41A4E817F000AAF13 /* Sources */ = {
			isa = PBXSourcesBuildPhase;
			buildActionMask = 2147483647;
			files = (
				BDD5DE0B1A5888560015EBC3 /* SecondViewController.m in Sources */,
				BDD5DE051A5887F90015EBC3 /* ViewController.m in Sources */,
				BD5919E11A4E817F000AAF13 /* AppDelegate.m in Sources */,
				BD5919DE1A4E817F000AAF13 /* main.m in Sources */,
				BDD5DE081A58884C0015EBC3 /* FirstViewController.m in Sources */,
			);
			runOnlyForDeploymentPostprocessing = 0;
		};
		BD5919ED1A4E817F000AAF13 /* Sources */ = {
			isa = PBXSourcesBuildPhase;
			buildActionMask = 2147483647;
			files = (
				BD5919F81A4E817F000AAF13 /* RAContainmentTests.m in Sources */,
			);
			runOnlyForDeploymentPostprocessing = 0;
		};
/* End PBXSourcesBuildPhase section */

/* Begin PBXTargetDependency section */
		BD5919F31A4E817F000AAF13 /* PBXTargetDependency */ = {
			isa = PBXTargetDependency;
			target = BD5919D71A4E817F000AAF13 /* RAContainment */;
			targetProxy = BD5919F21A4E817F000AAF13 /* PBXContainerItemProxy */;
		};
/* End PBXTargetDependency section */

/* Begin PBXVariantGroup section */
		BD5919E51A4E817F000AAF13 /* Main.storyboard */ = {
			isa = PBXVariantGroup;
			children = (
				BD5919E61A4E817F000AAF13 /* Base */,
			);
			name = Main.storyboard;
			sourceTree = "<group>";
		};
		BD5919EA1A4E817F000AAF13 /* LaunchScreen.xib */ = {
			isa = PBXVariantGroup;
			children = (
				BD5919EB1A4E817F000AAF13 /* Base */,
			);
			name = LaunchScreen.xib;
			sourceTree = "<group>";
		};
/* End PBXVariantGroup section */

/* Begin XCBuildConfiguration section */
		BD5919F91A4E817F000AAF13 /* Debug */ = {
			isa = XCBuildConfiguration;
			buildSettings = {
				ALWAYS_SEARCH_USER_PATHS = NO;
				CLANG_CXX_LANGUAGE_STANDARD = "gnu++0x";
				CLANG_CXX_LIBRARY = "libc++";
				CLANG_ENABLE_MODULES = YES;
				CLANG_ENABLE_OBJC_ARC = YES;
				CLANG_WARN_BOOL_CONVERSION = YES;
				CLANG_WARN_CONSTANT_CONVERSION = YES;
				CLANG_WARN_DIRECT_OBJC_ISA_USAGE = YES_ERROR;
				CLANG_WARN_EMPTY_BODY = YES;
				CLANG_WARN_ENUM_CONVERSION = YES;
				CLANG_WARN_INT_CONVERSION = YES;
				CLANG_WARN_OBJC_ROOT_CLASS = YES_ERROR;
				CLANG_WARN_UNREACHABLE_CODE = YES;
				CLANG_WARN__DUPLICATE_METHOD_MATCH = YES;
				"CODE_SIGN_IDENTITY[sdk=iphoneos*]" = "iPhone Developer";
				COPY_PHASE_STRIP = NO;
				ENABLE_STRICT_OBJC_MSGSEND = YES;
				GCC_C_LANGUAGE_STANDARD = gnu99;
				GCC_DYNAMIC_NO_PIC = NO;
				GCC_OPTIMIZATION_LEVEL = 0;
				GCC_PREPROCESSOR_DEFINITIONS = (
					"DEBUG=1",
					"$(inherited)",
				);
				GCC_SYMBOLS_PRIVATE_EXTERN = NO;
				GCC_WARN_64_TO_32_BIT_CONVERSION = YES;
				GCC_WARN_ABOUT_RETURN_TYPE = YES_ERROR;
				GCC_WARN_UNDECLARED_SELECTOR = YES;
				GCC_WARN_UNINITIALIZED_AUTOS = YES_AGGRESSIVE;
				GCC_WARN_UNUSED_FUNCTION = YES;
				GCC_WARN_UNUSED_VARIABLE = YES;
				IPHONEOS_DEPLOYMENT_TARGET = 8.2;
				MTL_ENABLE_DEBUG_INFO = YES;
				ONLY_ACTIVE_ARCH = YES;
				SDKROOT = iphoneos;
				TARGETED_DEVICE_FAMILY = "1,2";
			};
			name = Debug;
		};
		BD5919FA1A4E817F000AAF13 /* Release */ = {
			isa = XCBuildConfiguration;
			buildSettings = {
				ALWAYS_SEARCH_USER_PATHS = NO;
				CLANG_CXX_LANGUAGE_STANDARD = "gnu++0x";
				CLANG_CXX_LIBRARY = "libc++";
				CLANG_ENABLE_MODULES = YES;
				CLANG_ENABLE_OBJC_ARC = YES;
				CLANG_WARN_BOOL_CONVERSION = YES;
				CLANG_WARN_CONSTANT_CONVERSION = YES;
				CLANG_WARN_DIRECT_OBJC_ISA_USAGE = YES_ERROR;
				CLANG_WARN_EMPTY_BODY = YES;
				CLANG_WARN_ENUM_CONVERSION = YES;
				CLANG_WARN_INT_CONVERSION = YES;
				CLANG_WARN_OBJC_ROOT_CLASS = YES_ERROR;
				CLANG_WARN_UNREACHABLE_CODE = YES;
				CLANG_WARN__DUPLICATE_METHOD_MATCH = YES;
				"CODE_SIGN_IDENTITY[sdk=iphoneos*]" = "iPhone Developer";
				COPY_PHASE_STRIP = NO;
				ENABLE_NS_ASSERTIONS = NO;
				ENABLE_STRICT_OBJC_MSGSEND = YES;
				GCC_C_LANGUAGE_STANDARD = gnu99;
				GCC_WARN_64_TO_32_BIT_CONVERSION = YES;
				GCC_WARN_ABOUT_RETURN_TYPE = YES_ERROR;
				GCC_WARN_UNDECLARED_SELECTOR = YES;
				GCC_WARN_UNINITIALIZED_AUTOS = YES_AGGRESSIVE;
				GCC_WARN_UNUSED_FUNCTION = YES;
				GCC_WARN_UNUSED_VARIABLE = YES;
				IPHONEOS_DEPLOYMENT_TARGET = 8.2;
				MTL_ENABLE_DEBUG_INFO = NO;
				SDKROOT = iphoneos;
				TARGETED_DEVICE_FAMILY = "1,2";
				VALIDATE_PRODUCT = YES;
			};
			name = Release;
		};
		BD5919FC1A4E817F000AAF13 /* Debug */ = {
			isa = XCBuildConfiguration;
			buildSettings = {
				ASSETCATALOG_COMPILER_APPICON_NAME = AppIcon;
				INFOPLIST_FILE = RAContainment/Info.plist;
				IPHONEOS_DEPLOYMENT_TARGET = 8.2;
				LD_RUNPATH_SEARCH_PATHS = "$(inherited) @executable_path/Frameworks";
				PRODUCT_NAME = "$(TARGET_NAME)";
				TARGETED_DEVICE_FAMILY = "1,2";
			};
			name = Debug;
		};
		BD5919FD1A4E817F000AAF13 /* Release */ = {
			isa = XCBuildConfiguration;
			buildSettings = {
				ASSETCATALOG_COMPILER_APPICON_NAME = AppIcon;
				INFOPLIST_FILE = RAContainment/Info.plist;
				IPHONEOS_DEPLOYMENT_TARGET = 8.2;
				LD_RUNPATH_SEARCH_PATHS = "$(inherited) @executable_path/Frameworks";
				PRODUCT_NAME = "$(TARGET_NAME)";
				TARGETED_DEVICE_FAMILY = "1,2";
			};
			name = Release;
		};
		BD5919FF1A4E817F000AAF13 /* Debug */ = {
			isa = XCBuildConfiguration;
			buildSettings = {
				BUNDLE_LOADER = "$(TEST_HOST)";
				FRAMEWORK_SEARCH_PATHS = (
					"$(SDKROOT)/Developer/Library/Frameworks",
					"$(inherited)",
				);
				GCC_PREPROCESSOR_DEFINITIONS = (
					"DEBUG=1",
					"$(inherited)",
				);
				INFOPLIST_FILE = RAContainmentTests/Info.plist;
				LD_RUNPATH_SEARCH_PATHS = "$(inherited) @executable_path/Frameworks @loader_path/Frameworks";
				PRODUCT_NAME = "$(TARGET_NAME)";
				TEST_HOST = "$(BUILT_PRODUCTS_DIR)/RAContainment.app/RAContainment";
			};
			name = Debug;
		};
		BD591A001A4E817F000AAF13 /* Release */ = {
			isa = XCBuildConfiguration;
			buildSettings = {
				BUNDLE_LOADER = "$(TEST_HOST)";
				FRAMEWORK_SEARCH_PATHS = (
					"$(SDKROOT)/Developer/Library/Frameworks",
					"$(inherited)",
				);
				INFOPLIST_FILE = RAContainmentTests/Info.plist;
				LD_RUNPATH_SEARCH_PATHS = "$(inherited) @executable_path/Frameworks @loader_path/Frameworks";
				PRODUCT_NAME = "$(TARGET_NAME)";
				TEST_HOST = "$(BUILT_PRODUCTS_DIR)/RAContainment.app/RAContainment";
			};
			name = Release;
		};
/* End XCBuildConfiguration section */

/* Begin XCConfigurationList section */
		BD5919D31A4E817F000AAF13 /* Build configuration list for PBXProject "RAContainment" */ = {
			isa = XCConfigurationList;
			buildConfigurations = (
				BD5919F91A4E817F000AAF13 /* Debug */,
				BD5919FA1A4E817F000AAF13 /* Release */,
			);
			defaultConfigurationIsVisible = 0;
			defaultConfigurationName = Release;
		};
		BD5919FB1A4E817F000AAF13 /* Build configuration list for PBXNativeTarget "RAContainment" */ = {
			isa = XCConfigurationList;
			buildConfigurations = (
				BD5919FC1A4E817F000AAF13 /* Debug */,
				BD5919FD1A4E817F000AAF13 /* Release */,
			);
			defaultConfigurationIsVisible = 0;
			defaultConfigurationName = Release;
		};
		BD5919FE1A4E817F000AAF13 /* Build configuration list for PBXNativeTarget "RAContainmentTests" */ = {
			isa = XCConfigurationList;
			buildConfigurations = (
				BD5919FF1A4E817F000AAF13 /* Debug */,
				BD591A001A4E817F000AAF13 /* Release */,
			);
			defaultConfigurationIsVisible = 0;
			defaultConfigurationName = Release;
		};
/* End XCConfigurationList section */
	};
	rootObject = BD5919D01A4E817F000AAF13 /* Project object */;
}
