// !$*UTF8*$!
{
	archiveVersion = 1;
	classes = {
	};
	objectVersion = 46;
	objects = {

/* Begin PBXBuildFile section */
		BDA84E0D1A5CFB8000C96CF5 /* main.m in Sources */ = {isa = PBXBuildFile; fileRef = BDA84E0C1A5CFB8000C96CF5 /* main.m */; };
		BDA84E101A5CFB8000C96CF5 /* AppDelegate.m in Sources */ = {isa = PBXBuildFile; fileRef = BDA84E0F1A5CFB8000C96CF5 /* AppDelegate.m */; };
		BDA84E161A5CFB8000C96CF5 /* Main.storyboard in Resources */ = {isa = PBXBuildFile; fileRef = BDA84E141A5CFB8000C96CF5 /* Main.storyboard */; };
		BDA84E181A5CFB8000C96CF5 /* Images.xcassets in Resources */ = {isa = PBXBuildFile; fileRef = BDA84E171A5CFB8000C96CF5 /* Images.xcassets */; };
		BDA84E1B1A5CFB8000C96CF5 /* LaunchScreen.xib in Resources */ = {isa = PBXBuildFile; fileRef = BDA84E191A5CFB8000C96CF5 /* LaunchScreen.xib */; };
		BDA84E271A5CFB8000C96CF5 /* POCTests.m in Sources */ = {isa = PBXBuildFile; fileRef = BDA84E261A5CFB8000C96CF5 /* POCTests.m */; };
		BDA84E441A5FB7EF00C96CF5 /* POCViewController.m in Sources */ = {isa = PBXBuildFile; fileRef = BDA84E421A5FB7EF00C96CF5 /* POCViewController.m */; };
		BDA84E451A5FB7EF00C96CF5 /* POCViewController.xib in Resources */ = {isa = PBXBuildFile; fileRef = BDA84E431A5FB7EF00C96CF5 /* POCViewController.xib */; };
/* End PBXBuildFile section */

/* Begin PBXContainerItemProxy section */
		BDA84E211A5CFB8000C96CF5 /* PBXContainerItemProxy */ = {
			isa = PBXContainerItemProxy;
			containerPortal = BDA84DFF1A5CFB8000C96CF5 /* Project object */;
			proxyType = 1;
			remoteGlobalIDString = BDA84E061A5CFB8000C96CF5;
			remoteInfo = POC;
		};
/* End PBXContainerItemProxy section */

/* Begin PBXFileReference section */
		BDA84E071A5CFB8000C96CF5 /* POC.app */ = {isa = PBXFileReference; explicitFileType = wrapper.application; includeInIndex = 0; path = POC.app; sourceTree = BUILT_PRODUCTS_DIR; };
		BDA84E0B1A5CFB8000C96CF5 /* Info.plist */ = {isa = PBXFileReference; lastKnownFileType = text.plist.xml; path = Info.plist; sourceTree = "<group>"; };
		BDA84E0C1A5CFB8000C96CF5 /* main.m */ = {isa = PBXFileReference; lastKnownFileType = sourcecode.c.objc; path = main.m; sourceTree = "<group>"; };
		BDA84E0E1A5CFB8000C96CF5 /* AppDelegate.h */ = {isa = PBXFileReference; lastKnownFileType = sourcecode.c.h; path = AppDelegate.h; sourceTree = "<group>"; };
		BDA84E0F1A5CFB8000C96CF5 /* AppDelegate.m */ = {isa = PBXFileReference; lastKnownFileType = sourcecode.c.objc; path = AppDelegate.m; sourceTree = "<group>"; };
		BDA84E151A5CFB8000C96CF5 /* Base */ = {isa = PBXFileReference; lastKnownFileType = file.storyboard; name = Base; path = Base.lproj/Main.storyboard; sourceTree = "<group>"; };
		BDA84E171A5CFB8000C96CF5 /* Images.xcassets */ = {isa = PBXFileReference; lastKnownFileType = folder.assetcatalog; path = Images.xcassets; sourceTree = "<group>"; };
		BDA84E1A1A5CFB8000C96CF5 /* Base */ = {isa = PBXFileReference; lastKnownFileType = file.xib; name = Base; path = Base.lproj/LaunchScreen.xib; sourceTree = "<group>"; };
		BDA84E201A5CFB8000C96CF5 /* POCTests.xctest */ = {isa = PBXFileReference; explicitFileType = wrapper.cfbundle; includeInIndex = 0; path = POCTests.xctest; sourceTree = BUILT_PRODUCTS_DIR; };
		BDA84E251A5CFB8000C96CF5 /* Info.plist */ = {isa = PBXFileReference; lastKnownFileType = text.plist.xml; path = Info.plist; sourceTree = "<group>"; };
		BDA84E261A5CFB8000C96CF5 /* POCTests.m */ = {isa = PBXFileReference; lastKnownFileType = sourcecode.c.objc; path = POCTests.m; sourceTree = "<group>"; };
		BDA84E411A5FB7EF00C96CF5 /* POCViewController.h */ = {isa = PBXFileReference; fileEncoding = 4; lastKnownFileType = sourcecode.c.h; path = POCViewController.h; sourceTree = "<group>"; };
		BDA84E421A5FB7EF00C96CF5 /* POCViewController.m */ = {isa = PBXFileReference; fileEncoding = 4; lastKnownFileType = sourcecode.c.objc; path = POCViewController.m; sourceTree = "<group>"; };
		BDA84E431A5FB7EF00C96CF5 /* POCViewController.xib */ = {isa = PBXFileReference; fileEncoding = 4; lastKnownFileType = file.xib; path = POCViewController.xib; sourceTree = "<group>"; };
/* End PBXFileReference section */

/* Begin PBXFrameworksBuildPhase section */
		BDA84E041A5CFB8000C96CF5 /* Frameworks */ = {
			isa = PBXFrameworksBuildPhase;
			buildActionMask = 2147483647;
			files = (
			);
			runOnlyForDeploymentPostprocessing = 0;
		};
		BDA84E1D1A5CFB8000C96CF5 /* Frameworks */ = {
			isa = PBXFrameworksBuildPhase;
			buildActionMask = 2147483647;
			files = (
			);
			runOnlyForDeploymentPostprocessing = 0;
		};
/* End PBXFrameworksBuildPhase section */

/* Begin PBXGroup section */
		BDA84DFE1A5CFB8000C96CF5 = {
			isa = PBXGroup;
			children = (
				BDA84E091A5CFB8000C96CF5 /* POC */,
				BDA84E231A5CFB8000C96CF5 /* POCTests */,
				BDA84E081A5CFB8000C96CF5 /* Products */,
			);
			sourceTree = "<group>";
		};
		BDA84E081A5CFB8000C96CF5 /* Products */ = {
			isa = PBXGroup;
			children = (
				BDA84E071A5CFB8000C96CF5 /* POC.app */,
				BDA84E201A5CFB8000C96CF5 /* POCTests.xctest */,
			);
			name = Products;
			sourceTree = "<group>";
		};
		BDA84E091A5CFB8000C96CF5 /* POC */ = {
			isa = PBXGroup;
			children = (
				BDA84E0E1A5CFB8000C96CF5 /* AppDelegate.h */,
				BDA84E0F1A5CFB8000C96CF5 /* AppDelegate.m */,
				BDA84E411A5FB7EF00C96CF5 /* POCViewController.h */,
				BDA84E421A5FB7EF00C96CF5 /* POCViewController.m */,
				BDA84E431A5FB7EF00C96CF5 /* POCViewController.xib */,
				BDA84E141A5CFB8000C96CF5 /* Main.storyboard */,
				BDA84E171A5CFB8000C96CF5 /* Images.xcassets */,
				BDA84E191A5CFB8000C96CF5 /* LaunchScreen.xib */,
				BDA84E0A1A5CFB8000C96CF5 /* Supporting Files */,
			);
			path = POC;
			sourceTree = "<group>";
		};
		BDA84E0A1A5CFB8000C96CF5 /* Supporting Files */ = {
			isa = PBXGroup;
			children = (
				BDA84E0B1A5CFB8000C96CF5 /* Info.plist */,
				BDA84E0C1A5CFB8000C96CF5 /* main.m */,
			);
			name = "Supporting Files";
			sourceTree = "<group>";
		};
		BDA84E231A5CFB8000C96CF5 /* POCTests */ = {
			isa = PBXGroup;
			children = (
				BDA84E261A5CFB8000C96CF5 /* POCTests.m */,
				BDA84E241A5CFB8000C96CF5 /* Supporting Files */,
			);
			path = POCTests;
			sourceTree = "<group>";
		};
		BDA84E241A5CFB8000C96CF5 /* Supporting Files */ = {
			isa = PBXGroup;
			children = (
				BDA84E251A5CFB8000C96CF5 /* Info.plist */,
			);
			name = "Supporting Files";
			sourceTree = "<group>";
		};
/* End PBXGroup section */

/* Begin PBXNativeTarget section */
		BDA84E061A5CFB8000C96CF5 /* POC */ = {
			isa = PBXNativeTarget;
			buildConfigurationList = BDA84E2A1A5CFB8000C96CF5 /* Build configuration list for PBXNativeTarget "POC" */;
			buildPhases = (
				BDA84E031A5CFB8000C96CF5 /* Sources */,
				BDA84E041A5CFB8000C96CF5 /* Frameworks */,
				BDA84E051A5CFB8000C96CF5 /* Resources */,
			);
			buildRules = (
			);
			dependencies = (
			);
			name = POC;
			productName = POC;
			productReference = BDA84E071A5CFB8000C96CF5 /* POC.app */;
			productType = "com.apple.product-type.application";
		};
		BDA84E1F1A5CFB8000C96CF5 /* POCTests */ = {
			isa = PBXNativeTarget;
			buildConfigurationList = BDA84E2D1A5CFB8000C96CF5 /* Build configuration list for PBXNativeTarget "POCTests" */;
			buildPhases = (
				BDA84E1C1A5CFB8000C96CF5 /* Sources */,
				BDA84E1D1A5CFB8000C96CF5 /* Frameworks */,
				BDA84E1E1A5CFB8000C96CF5 /* Resources */,
			);
			buildRules = (
			);
			dependencies = (
				BDA84E221A5CFB8000C96CF5 /* PBXTargetDependency */,
			);
			name = POCTests;
			productName = POCTests;
			productReference = BDA84E201A5CFB8000C96CF5 /* POCTests.xctest */;
			productType = "com.apple.product-type.bundle.unit-test";
		};
/* End PBXNativeTarget section */

/* Begin PBXProject section */
		BDA84DFF1A5CFB8000C96CF5 /* Project object */ = {
			isa = PBXProject;
			attributes = {
				LastUpgradeCheck = 0620;
				ORGANIZATIONNAME = "Rohan Aurora";
				TargetAttributes = {
					BDA84E061A5CFB8000C96CF5 = {
						CreatedOnToolsVersion = 6.2;
					};
					BDA84E1F1A5CFB8000C96CF5 = {
						CreatedOnToolsVersion = 6.2;
						TestTargetID = BDA84E061A5CFB8000C96CF5;
					};
				};
			};
			buildConfigurationList = BDA84E021A5CFB8000C96CF5 /* Build configuration list for PBXProject "POC" */;
			compatibilityVersion = "Xcode 3.2";
			developmentRegion = English;
			hasScannedForEncodings = 0;
			knownRegions = (
				en,
				Base,
			);
			mainGroup = BDA84DFE1A5CFB8000C96CF5;
			productRefGroup = BDA84E081A5CFB8000C96CF5 /* Products */;
			projectDirPath = "";
			projectRoot = "";
			targets = (
				BDA84E061A5CFB8000C96CF5 /* POC */,
				BDA84E1F1A5CFB8000C96CF5 /* POCTests */,
			);
		};
/* End PBXProject section */

/* Begin PBXResourcesBuildPhase section */
		BDA84E051A5CFB8000C96CF5 /* Resources */ = {
			isa = PBXResourcesBuildPhase;
			buildActionMask = 2147483647;
			files = (
				BDA84E161A5CFB8000C96CF5 /* Main.storyboard in Resources */,
				BDA84E1B1A5CFB8000C96CF5 /* LaunchScreen.xib in Resources */,
				BDA84E181A5CFB8000C96CF5 /* Images.xcassets in Resources */,
				BDA84E451A5FB7EF00C96CF5 /* POCViewController.xib in Resources */,
			);
			runOnlyForDeploymentPostprocessing = 0;
		};
		BDA84E1E1A5CFB8000C96CF5 /* Resources */ = {
			isa = PBXResourcesBuildPhase;
			buildActionMask = 2147483647;
			files = (
			);
			runOnlyForDeploymentPostprocessing = 0;
		};
/* End PBXResourcesBuildPhase section */

/* Begin PBXSourcesBuildPhase section */
		BDA84E031A5CFB8000C96CF5 /* Sources */ = {
			isa = PBXSourcesBuildPhase;
			buildActionMask = 2147483647;
			files = (
				BDA84E101A5CFB8000C96CF5 /* AppDelegate.m in Sources */,
				BDA84E0D1A5CFB8000C96CF5 /* main.m in Sources */,
				BDA84E441A5FB7EF00C96CF5 /* POCViewController.m in Sources */,
			);
			runOnlyForDeploymentPostprocessing = 0;
		};
		BDA84E1C1A5CFB8000C96CF5 /* Sources */ = {
			isa = PBXSourcesBuildPhase;
			buildActionMask = 2147483647;
			files = (
				BDA84E271A5CFB8000C96CF5 /* POCTests.m in Sources */,
			);
			runOnlyForDeploymentPostprocessing = 0;
		};
/* End PBXSourcesBuildPhase section */

/* Begin PBXTargetDependency section */
		BDA84E221A5CFB8000C96CF5 /* PBXTargetDependency */ = {
			isa = PBXTargetDependency;
			target = BDA84E061A5CFB8000C96CF5 /* POC */;
			targetProxy = BDA84E211A5CFB8000C96CF5 /* PBXContainerItemProxy */;
		};
/* End PBXTargetDependency section */

/* Begin PBXVariantGroup section */
		BDA84E141A5CFB8000C96CF5 /* Main.storyboard */ = {
			isa = PBXVariantGroup;
			children = (
				BDA84E151A5CFB8000C96CF5 /* Base */,
			);
			name = Main.storyboard;
			sourceTree = "<group>";
		};
		BDA84E191A5CFB8000C96CF5 /* LaunchScreen.xib */ = {
			isa = PBXVariantGroup;
			children = (
				BDA84E1A1A5CFB8000C96CF5 /* Base */,
			);
			name = LaunchScreen.xib;
			sourceTree = "<group>";
		};
/* End PBXVariantGroup section */

/* Begin XCBuildConfiguration section */
		BDA84E281A5CFB8000C96CF5 /* Debug */ = {
			isa = XCBuildConfiguration;
			buildSettings = {
				ALWAYS_SEARCH_USER_PATHS = NO;
				CLANG_CXX_LANGUAGE_STANDARD = "gnu++0x";
				CLANG_CXX_LIBRARY = "libc++";
				CLANG_ENABLE_MODULES = YES;
				CLANG_ENABLE_OBJC_ARC = YES;
				CLANG_WARN_BOOL_CONVERSION = YES;
				CLANG_WARN_CONSTANT_CONVERSION = YES;
				CLANG_WARN_DIRECT_OBJC_ISA_USAGE = YES_ERROR;
				CLANG_WARN_EMPTY_BODY = YES;
				CLANG_WARN_ENUM_CONVERSION = YES;
				CLANG_WARN_INT_CONVERSION = YES;
				CLANG_WARN_OBJC_ROOT_CLASS = YES_ERROR;
				CLANG_WARN_UNREACHABLE_CODE = YES;
				CLANG_WARN__DUPLICATE_METHOD_MATCH = YES;
				"CODE_SIGN_IDENTITY[sdk=iphoneos*]" = "iPhone Developer";
				COPY_PHASE_STRIP = NO;
				ENABLE_STRICT_OBJC_MSGSEND = YES;
				GCC_C_LANGUAGE_STANDARD = gnu99;
				GCC_DYNAMIC_NO_PIC = NO;
				GCC_OPTIMIZATION_LEVEL = 0;
				GCC_PREPROCESSOR_DEFINITIONS = (
					"DEBUG=1",
					"$(inherited)",
				);
				GCC_SYMBOLS_PRIVATE_EXTERN = NO;
				GCC_WARN_64_TO_32_BIT_CONVERSION = YES;
				GCC_WARN_ABOUT_RETURN_TYPE = YES_ERROR;
				GCC_WARN_UNDECLARED_SELECTOR = YES;
				GCC_WARN_UNINITIALIZED_AUTOS = YES_AGGRESSIVE;
				GCC_WARN_UNUSED_FUNCTION = YES;
				GCC_WARN_UNUSED_VARIABLE = YES;
				IPHONEOS_DEPLOYMENT_TARGET = 8.2;
				MTL_ENABLE_DEBUG_INFO = YES;
				ONLY_ACTIVE_ARCH = YES;
				SDKROOT = iphoneos;
				TARGETED_DEVICE_FAMILY = "1,2";
			};
			name = Debug;
		};
		BDA84E291A5CFB8000C96CF5 /* Release */ = {
			isa = XCBuildConfiguration;
			buildSettings = {
				ALWAYS_SEARCH_USER_PATHS = NO;
				CLANG_CXX_LANGUAGE_STANDARD = "gnu++0x";
				CLANG_CXX_LIBRARY = "libc++";
				CLANG_ENABLE_MODULES = YES;
				CLANG_ENABLE_OBJC_ARC = YES;
				CLANG_WARN_BOOL_CONVERSION = YES;
				CLANG_WARN_CONSTANT_CONVERSION = YES;
				CLANG_WARN_DIRECT_OBJC_ISA_USAGE = YES_ERROR;
				CLANG_WARN_EMPTY_BODY = YES;
				CLANG_WARN_ENUM_CONVERSION = YES;
				CLANG_WARN_INT_CONVERSION = YES;
				CLANG_WARN_OBJC_ROOT_CLASS = YES_ERROR;
				CLANG_WARN_UNREACHABLE_CODE = YES;
				CLANG_WARN__DUPLICATE_METHOD_MATCH = YES;
				"CODE_SIGN_IDENTITY[sdk=iphoneos*]" = "iPhone Developer";
				COPY_PHASE_STRIP = NO;
				ENABLE_NS_ASSERTIONS = NO;
				ENABLE_STRICT_OBJC_MSGSEND = YES;
				GCC_C_LANGUAGE_STANDARD = gnu99;
				GCC_WARN_64_TO_32_BIT_CONVERSION = YES;
				GCC_WARN_ABOUT_RETURN_TYPE = YES_ERROR;
				GCC_WARN_UNDECLARED_SELECTOR = YES;
				GCC_WARN_UNINITIALIZED_AUTOS = YES_AGGRESSIVE;
				GCC_WARN_UNUSED_FUNCTION = YES;
				GCC_WARN_UNUSED_VARIABLE = YES;
				IPHONEOS_DEPLOYMENT_TARGET = 8.2;
				MTL_ENABLE_DEBUG_INFO = NO;
				SDKROOT = iphoneos;
				TARGETED_DEVICE_FAMILY = "1,2";
				VALIDATE_PRODUCT = YES;
			};
			name = Release;
		};
		BDA84E2B1A5CFB8000C96CF5 /* Debug */ = {
			isa = XCBuildConfiguration;
			buildSettings = {
				ASSETCATALOG_COMPILER_APPICON_NAME = AppIcon;
				INFOPLIST_FILE = POC/Info.plist;
				IPHONEOS_DEPLOYMENT_TARGET = 7.1;
				LD_RUNPATH_SEARCH_PATHS = "$(inherited) @executable_path/Frameworks";
				PRODUCT_NAME = "$(TARGET_NAME)";
			};
			name = Debug;
		};
		BDA84E2C1A5CFB8000C96CF5 /* Release */ = {
			isa = XCBuildConfiguration;
			buildSettings = {
				ASSETCATALOG_COMPILER_APPICON_NAME = AppIcon;
				INFOPLIST_FILE = POC/Info.plist;
				IPHONEOS_DEPLOYMENT_TARGET = 7.1;
				LD_RUNPATH_SEARCH_PATHS = "$(inherited) @executable_path/Frameworks";
				PRODUCT_NAME = "$(TARGET_NAME)";
			};
			name = Release;
		};
		BDA84E2E1A5CFB8000C96CF5 /* Debug */ = {
			isa = XCBuildConfiguration;
			buildSettings = {
				BUNDLE_LOADER = "$(TEST_HOST)";
				FRAMEWORK_SEARCH_PATHS = (
					"$(SDKROOT)/Developer/Library/Frameworks",
					"$(inherited)",
				);
				GCC_PREPROCESSOR_DEFINITIONS = (
					"DEBUG=1",
					"$(inherited)",
				);
				INFOPLIST_FILE = POCTests/Info.plist;
				LD_RUNPATH_SEARCH_PATHS = "$(inherited) @executable_path/Frameworks @loader_path/Frameworks";
				PRODUCT_NAME = "$(TARGET_NAME)";
				TEST_HOST = "$(BUILT_PRODUCTS_DIR)/POC.app/POC";
			};
			name = Debug;
		};
		BDA84E2F1A5CFB8000C96CF5 /* Release */ = {
			isa = XCBuildConfiguration;
			buildSettings = {
				BUNDLE_LOADER = "$(TEST_HOST)";
				FRAMEWORK_SEARCH_PATHS = (
					"$(SDKROOT)/Developer/Library/Frameworks",
					"$(inherited)",
				);
				INFOPLIST_FILE = POCTests/Info.plist;
				LD_RUNPATH_SEARCH_PATHS = "$(inherited) @executable_path/Frameworks @loader_path/Frameworks";
				PRODUCT_NAME = "$(TARGET_NAME)";
				TEST_HOST = "$(BUILT_PRODUCTS_DIR)/POC.app/POC";
			};
			name = Release;
		};
/* End XCBuildConfiguration section */

/* Begin XCConfigurationList section */
		BDA84E021A5CFB8000C96CF5 /* Build configuration list for PBXProject "POC" */ = {
			isa = XCConfigurationList;
			buildConfigurations = (
				BDA84E281A5CFB8000C96CF5 /* Debug */,
				BDA84E291A5CFB8000C96CF5 /* Release */,
			);
			defaultConfigurationIsVisible = 0;
			defaultConfigurationName = Release;
		};
		BDA84E2A1A5CFB8000C96CF5 /* Build configuration list for PBXNativeTarget "POC" */ = {
			isa = XCConfigurationList;
			buildConfigurations = (
				BDA84E2B1A5CFB8000C96CF5 /* Debug */,
				BDA84E2C1A5CFB8000C96CF5 /* Release */,
			);
			defaultConfigurationIsVisible = 0;
			defaultConfigurationName = Release;
		};
		BDA84E2D1A5CFB8000C96CF5 /* Build configuration list for PBXNativeTarget "POCTests" */ = {
			isa = XCConfigurationList;
			buildConfigurations = (
				BDA84E2E1A5CFB8000C96CF5 /* Debug */,
				BDA84E2F1A5CFB8000C96CF5 /* Release */,
			);
			defaultConfigurationIsVisible = 0;
			defaultConfigurationName = Release;
		};
/* End XCConfigurationList section */
	};
	rootObject = BDA84DFF1A5CFB8000C96CF5 /* Project object */;
}
